# This file is autogenerated, do not edit; changes may be undone by the next 'dep ensure'.


[[projects]]
  branch = "master"
  name = "github.com/rhnasc/nubank_api_exporter"
  packages = ["nubank"]
  revision = "82fd6d351804c53d8fbb68cf4eb07a8f0a1d67bc"

[solve-meta]
  analyzer-name = "dep"
  analyzer-version = 1
  inputs-digest = "3c201f0863c3ecafe6f93d720fc119343e6e064a19469ccfaa4cb98b1687277e"
  solver-name = "gps-cdcl"
  solver-version = 1
